// !$*UTF8*$!
{
	archiveVersion = 1;
	classes = {
	};
	objectVersion = 50;
	objects = {

/* Begin PBXBuildFile section */
		8D4E9E3D239B66FE0034BA4A /* AppDelegate.swift in Sources */ = {isa = PBXBuildFile; fileRef = 8D4E9E3C239B66FE0034BA4A /* AppDelegate.swift */; };
		8D4E9E3F239B66FE0034BA4A /* SceneDelegate.swift in Sources */ = {isa = PBXBuildFile; fileRef = 8D4E9E3E239B66FE0034BA4A /* SceneDelegate.swift */; };
		8D4E9E41239B66FE0034BA4A /* ViewController.swift in Sources */ = {isa = PBXBuildFile; fileRef = 8D4E9E40239B66FE0034BA4A /* ViewController.swift */; };
		8D4E9E44239B66FE0034BA4A /* Main.storyboard in Resources */ = {isa = PBXBuildFile; fileRef = 8D4E9E42239B66FE0034BA4A /* Main.storyboard */; };
		8D4E9E46239B66FF0034BA4A /* Assets.xcassets in Resources */ = {isa = PBXBuildFile; fileRef = 8D4E9E45239B66FF0034BA4A /* Assets.xcassets */; };
		8D4E9E49239B66FF0034BA4A /* LaunchScreen.storyboard in Resources */ = {isa = PBXBuildFile; fileRef = 8D4E9E47239B66FF0034BA4A /* LaunchScreen.storyboard */; };
/* End PBXBuildFile section */

/* Begin PBXFileReference section */
		8D4E9E39239B66FE0034BA4A /* PiController.app */ = {isa = PBXFileReference; explicitFileType = wrapper.application; includeInIndex = 0; path = PiController.app; sourceTree = BUILT_PRODUCTS_DIR; };
		8D4E9E3C239B66FE0034BA4A /* AppDelegate.swift */ = {isa = PBXFileReference; lastKnownFileType = sourcecode.swift; path = AppDelegate.swift; sourceTree = "<group>"; };
		8D4E9E3E239B66FE0034BA4A /* SceneDelegate.swift */ = {isa = PBXFileReference; lastKnownFileType = sourcecode.swift; path = SceneDelegate.swift; sourceTree = "<group>"; };
		8D4E9E40239B66FE0034BA4A /* ViewController.swift */ = {isa = PBXFileReference; lastKnownFileType = sourcecode.swift; path = ViewController.swift; sourceTree = "<group>"; };
		8D4E9E43239B66FE0034BA4A /* Base */ = {isa = PBXFileReference; lastKnownFileType = file.storyboard; name = Base; path = Base.lproj/Main.storyboard; sourceTree = "<group>"; };
		8D4E9E45239B66FF0034BA4A /* Assets.xcassets */ = {isa = PBXFileReference; lastKnownFileType = folder.assetcatalog; path = Assets.xcassets; sourceTree = "<group>"; };
		8D4E9E48239B66FF0034BA4A /* Base */ = {isa = PBXFileReference; lastKnownFileType = file.storyboard; name = Base; path = Base.lproj/LaunchScreen.storyboard; sourceTree = "<group>"; };
		8D4E9E4A239B66FF0034BA4A /* Info.plist */ = {isa = PBXFileReference; lastKnownFileType = text.plist.xml; path = Info.plist; sourceTree = "<group>"; };
/* End PBXFileReference section */

/* Begin PBXFrameworksBuildPhase section */
		8D4E9E36239B66FE0034BA4A /* Frameworks */ = {
			isa = PBXFrameworksBuildPhase;
			buildActionMask = 2147483647;
			files = (
			);
			runOnlyForDeploymentPostprocessing = 0;
		};
/* End PBXFrameworksBuildPhase section */

/* Begin PBXGroup section */
		8D4E9E30239B66FE0034BA4A = {
			isa = PBXGroup;
			children = (
				8D4E9E3B239B66FE0034BA4A /* PiController */,
				8D4E9E3A239B66FE0034BA4A /* Products */,
			);
			sourceTree = "<group>";
		};
		8D4E9E3A239B66FE0034BA4A /* Products */ = {
			isa = PBXGroup;
			children = (
				8D4E9E39239B66FE0034BA4A /* PiController.app */,
			);
			name = Products;
			sourceTree = "<group>";
		};
		8D4E9E3B239B66FE0034BA4A /* PiController */ = {
			isa = PBXGroup;
			children = (
				8D4E9E3C239B66FE0034BA4A /* AppDelegate.swift */,
				8D4E9E3E239B66FE0034BA4A /* SceneDelegate.swift */,
				8D4E9E40239B66FE0034BA4A /* ViewController.swift */,
				8D4E9E42239B66FE0034BA4A /* Main.storyboard */,
				8D4E9E45239B66FF0034BA4A /* Assets.xcassets */,
				8D4E9E47239B66FF0034BA4A /* LaunchScreen.storyboard */,
				8D4E9E4A239B66FF0034BA4A /* Info.plist */,
			);
			path = PiController;
			sourceTree = "<group>";
		};
/* End PBXGroup section */

/* Begin PBXNativeTarget section */
		8D4E9E38239B66FE0034BA4A /* PiController */ = {
			isa = PBXNativeTarget;
			buildConfigurationList = 8D4E9E4D239B66FF0034BA4A /* Build configuration list for PBXNativeTarget "PiController" */;
			buildPhases = (
				8D4E9E35239B66FE0034BA4A /* Sources */,
				8D4E9E36239B66FE0034BA4A /* Frameworks */,
				8D4E9E37239B66FE0034BA4A /* Resources */,
			);
			buildRules = (
			);
			dependencies = (
			);
			name = PiController;
			productName = PiController;
			productReference = 8D4E9E39239B66FE0034BA4A /* PiController.app */;
			productType = "com.apple.product-type.application";
		};
/* End PBXNativeTarget section */

/* Begin PBXProject section */
		8D4E9E31239B66FE0034BA4A /* Project object */ = {
			isa = PBXProject;
			attributes = {
				LastSwiftUpdateCheck = 1110;
				LastUpgradeCheck = 1110;
				ORGANIZATIONNAME = "nithin muthukumar";
				TargetAttributes = {
					8D4E9E38239B66FE0034BA4A = {
						CreatedOnToolsVersion = 11.1;
					};
				};
			};
			buildConfigurationList = 8D4E9E34239B66FE0034BA4A /* Build configuration list for PBXProject "PiController" */;
			compatibilityVersion = "Xcode 9.3";
			developmentRegion = en;
			hasScannedForEncodings = 0;
			knownRegions = (
				en,
				Base,
			);
			mainGroup = 8D4E9E30239B66FE0034BA4A;
			productRefGroup = 8D4E9E3A239B66FE0034BA4A /* Products */;
			projectDirPath = "";
			projectRoot = "";
			targets = (
				8D4E9E38239B66FE0034BA4A /* PiController */,
			);
		};
/* End PBXProject section */

/* Begin PBXResourcesBuildPhase section */
		8D4E9E37239B66FE0034BA4A /* Resources */ = {
			isa = PBXResourcesBuildPhase;
			buildActionMask = 2147483647;
			files = (
				8D4E9E49239B66FF0034BA4A /* LaunchScreen.storyboard in Resources */,
				8D4E9E46239B66FF0034BA4A /* Assets.xcassets in Resources */,
				8D4E9E44239B66FE0034BA4A /* Main.storyboard in Resources */,
			);
			runOnlyForDeploymentPostprocessing = 0;
		};
/* End PBXResourcesBuildPhase section */

/* Begin PBXSourcesBuildPhase section */
		8D4E9E35239B66FE0034BA4A /* Sources */ = {
			isa = PBXSourcesBuildPhase;
			buildActionMask = 2147483647;
			files = (
				8D4E9E41239B66FE0034BA4A /* ViewController.swift in Sources */,
				8D4E9E3D239B66FE0034BA4A /* AppDelegate.swift in Sources */,
				8D4E9E3F239B66FE0034BA4A /* SceneDelegate.swift in Sources */,
			);
			runOnlyForDeploymentPostprocessing = 0;
		};
/* End PBXSourcesBuildPhase section */

/* Begin PBXVariantGroup section */
		8D4E9E42239B66FE0034BA4A /* Main.storyboard */ = {
			isa = PBXVariantGroup;
			children = (
				8D4E9E43239B66FE0034BA4A /* Base */,
			);
			name = Main.storyboard;
			sourceTree = "<group>";
		};
		8D4E9E47239B66FF0034BA4A /* LaunchScreen.storyboard */ = {
			isa = PBXVariantGroup;
			children = (
				8D4E9E48239B66FF0034BA4A /* Base */,
			);
			name = LaunchScreen.storyboard;
			sourceTree = "<group>";
		};
/* End PBXVariantGroup section */

/* Begin XCBuildConfiguration section */
		8D4E9E4B239B66FF0034BA4A /* Debug */ = {
			isa = XCBuildConfiguration;
			buildSettings = {
				ALWAYS_SEARCH_USER_PATHS = NO;
				CLANG_ANALYZER_NONNULL = YES;
				CLANG_ANALYZER_NUMBER_OBJECT_CONVERSION = YES_AGGRESSIVE;
				CLANG_CXX_LANGUAGE_STANDARD = "gnu++14";
				CLANG_CXX_LIBRARY = "libc++";
				CLANG_ENABLE_MODULES = YES;
				CLANG_ENABLE_OBJC_ARC = YES;
				CLANG_ENABLE_OBJC_WEAK = YES;
				CLANG_WARN_BLOCK_CAPTURE_AUTORELEASING = YES;
				CLANG_WARN_BOOL_CONVERSION = YES;
				CLANG_WARN_COMMA = YES;
				CLANG_WARN_CONSTANT_CONVERSION = YES;
				CLANG_WARN_DEPRECATED_OBJC_IMPLEMENTATIONS = YES;
				CLANG_WARN_DIRECT_OBJC_ISA_USAGE = YES_ERROR;
				CLANG_WARN_DOCUMENTATION_COMMENTS = YES;
				CLANG_WARN_EMPTY_BODY = YES;
				CLANG_WARN_ENUM_CONVERSION = YES;
				CLANG_WARN_INFINITE_RECURSION = YES;
				CLANG_WARN_INT_CONVERSION = YES;
				CLANG_WARN_NON_LITERAL_NULL_CONVERSION = YES;
				CLANG_WARN_OBJC_IMPLICIT_RETAIN_SELF = YES;
				CLANG_WARN_OBJC_LITERAL_CONVERSION = YES;
				CLANG_WARN_OBJC_ROOT_CLASS = YES_ERROR;
				CLANG_WARN_RANGE_LOOP_ANALYSIS = YES;
				CLANG_WARN_STRICT_PROTOTYPES = YES;
				CLANG_WARN_SUSPICIOUS_MOVE = YES;
				CLANG_WARN_UNGUARDED_AVAILABILITY = YES_AGGRESSIVE;
				CLANG_WARN_UNREACHABLE_CODE = YES;
				CLANG_WARN__DUPLICATE_METHOD_MATCH = YES;
				COPY_PHASE_STRIP = NO;
				DEBUG_INFORMATION_FORMAT = dwarf;
				ENABLE_STRICT_OBJC_MSGSEND = YES;
				ENABLE_TESTABILITY = YES;
				GCC_C_LANGUAGE_STANDARD = gnu11;
				GCC_DYNAMIC_NO_PIC = NO;
				GCC_NO_COMMON_BLOCKS = YES;
				GCC_OPTIMIZATION_LEVEL = 0;
				GCC_PREPROCESSOR_DEFINITIONS = (
					"DEBUG=1",
					"$(inherited)",
				);
				GCC_WARN_64_TO_32_BIT_CONVERSION = YES;
				GCC_WARN_ABOUT_RETURN_TYPE = YES_ERROR;
				GCC_WARN_UNDECLARED_SELECTOR = YES;
				GCC_WARN_UNINITIALIZED_AUTOS = YES_AGGRESSIVE;
				GCC_WARN_UNUSED_FUNCTION = YES;
				GCC_WARN_UNUSED_VARIABLE = YES;
				IPHONEOS_DEPLOYMENT_TARGET = 13.1;
				MTL_ENABLE_DEBUG_INFO = INCLUDE_SOURCE;
				MTL_FAST_MATH = YES;
				ONLY_ACTIVE_ARCH = YES;
				SDKROOT = iphoneos;
				SWIFT_ACTIVE_COMPILATION_CONDITIONS = DEBUG;
				SWIFT_OPTIMIZATION_LEVEL = "-Onone";
			};
			name = Debug;
		};
		8D4E9E4C239B66FF0034BA4A /* Release */ = {
			isa = XCBuildConfiguration;
			buildSettings = {
				ALWAYS_SEARCH_USER_PATHS = NO;
				CLANG_ANALYZER_NONNULL = YES;
				CLANG_ANALYZER_NUMBER_OBJECT_CONVERSION = YES_AGGRESSIVE;
				CLANG_CXX_LANGUAGE_STANDARD = "gnu++14";
				CLANG_CXX_LIBRARY = "libc++";
				CLANG_ENABLE_MODULES = YES;
				CLANG_ENABLE_OBJC_ARC = YES;
				CLANG_ENABLE_OBJC_WEAK = YES;
				CLANG_WARN_BLOCK_CAPTURE_AUTORELEASING = YES;
				CLANG_WARN_BOOL_CONVERSION = YES;
				CLANG_WARN_COMMA = YES;
				CLANG_WARN_CONSTANT_CONVERSION = YES;
				CLANG_WARN_DEPRECATED_OBJC_IMPLEMENTATIONS = YES;
				CLANG_WARN_DIRECT_OBJC_ISA_USAGE = YES_ERROR;
				CLANG_WARN_DOCUMENTATION_COMMENTS = YES;
				CLANG_WARN_EMPTY_BODY = YES;
				CLANG_WARN_ENUM_CONVERSION = YES;
				CLANG_WARN_INFINITE_RECURSION = YES;
				CLANG_WARN_INT_CONVERSION = YES;
				CLANG_WARN_NON_LITERAL_NULL_CONVERSION = YES;
				CLANG_WARN_OBJC_IMPLICIT_RETAIN_SELF = YES;
				CLANG_WARN_OBJC_LITERAL_CONVERSION = YES;
				CLANG_WARN_OBJC_ROOT_CLASS = YES_ERROR;
				CLANG_WARN_RANGE_LOOP_ANALYSIS = YES;
				CLANG_WARN_STRICT_PROTOTYPES = YES;
				CLANG_WARN_SUSPICIOUS_MOVE = YES;
				CLANG_WARN_UNGUARDED_AVAILABILITY = YES_AGGRESSIVE;
				CLANG_WARN_UNREACHABLE_CODE = YES;
				CLANG_WARN__DUPLICATE_METHOD_MATCH = YES;
				COPY_PHASE_STRIP = NO;
				DEBUG_INFORMATION_FORMAT = "dwarf-with-dsym";
				ENABLE_NS_ASSERTIONS = NO;
				ENABLE_STRICT_OBJC_MSGSEND = YES;
				GCC_C_LANGUAGE_STANDARD = gnu11;
				GCC_NO_COMMON_BLOCKS = YES;
				GCC_WARN_64_TO_32_BIT_CONVERSION = YES;
				GCC_WARN_ABOUT_RETURN_TYPE = YES_ERROR;
				GCC_WARN_UNDECLARED_SELECTOR = YES;
				GCC_WARN_UNINITIALIZED_AUTOS = YES_AGGRESSIVE;
				GCC_WARN_UNUSED_FUNCTION = YES;
				GCC_WARN_UNUSED_VARIABLE = YES;
				IPHONEOS_DEPLOYMENT_TARGET = 13.1;
				MTL_ENABLE_DEBUG_INFO = NO;
				MTL_FAST_MATH = YES;
				SDKROOT = iphoneos;
				SWIFT_COMPILATION_MODE = wholemodule;
				SWIFT_OPTIMIZATION_LEVEL = "-O";
				VALIDATE_PRODUCT = YES;
			};
			name = Release;
		};
		8D4E9E4E239B66FF0034BA4A /* Debug */ = {
			isa = XCBuildConfiguration;
			buildSettings = {
				ASSETCATALOG_COMPILER_APPICON_NAME = AppIcon;
				CODE_SIGN_STYLE = Automatic;
				DEVELOPMENT_TEAM = 6ULF6XTSWM;
				INFOPLIST_FILE = PiController/Info.plist;
				LD_RUNPATH_SEARCH_PATHS = (
					"$(inherited)",
					"@executable_path/Frameworks",
				);
				PRODUCT_BUNDLE_IDENTIFIER = com.nithinmuthukumar.PiController;
				PRODUCT_NAME = "$(TARGET_NAME)";
				SWIFT_VERSION = 5.0;
				TARGETED_DEVICE_FAMILY = "1,2";
			};
			name = Debug;
		};
		8D4E9E4F239B66FF0034BA4A /* Release */ = {
			isa = XCBuildConfiguration;
			buildSettings = {
				ASSETCATALOG_COMPILER_APPICON_NAME = AppIcon;
				CODE_SIGN_STYLE = Automatic;
				DEVELOPMENT_TEAM = 6ULF6XTSWM;
				INFOPLIST_FILE = PiController/Info.plist;
				LD_RUNPATH_SEARCH_PATHS = (
					"$(inherited)",
					"@executable_path/Frameworks",
				);
				PRODUCT_BUNDLE_IDENTIFIER = com.nithinmuthukumar.PiController;
				PRODUCT_NAME = "$(TARGET_NAME)";
				SWIFT_VERSION = 5.0;
				TARGETED_DEVICE_FAMILY = "1,2";
			};
			name = Release;
		};
/* End XCBuildConfiguration section */

/* Begin XCConfigurationList section */
		8D4E9E34239B66FE0034BA4A /* Build configuration list for PBXProject "PiController" */ = {
			isa = XCConfigurationList;
			buildConfigurations = (
				8D4E9E4B239B66FF0034BA4A /* Debug */,
				8D4E9E4C239B66FF0034BA4A /* Release */,
			);
			defaultConfigurationIsVisible = 0;
			defaultConfigurationName = Release;
		};
		8D4E9E4D239B66FF0034BA4A /* Build configuration list for PBXNativeTarget "PiController" */ = {
			isa = XCConfigurationList;
			buildConfigurations = (
				8D4E9E4E239B66FF0034BA4A /* Debug */,
				8D4E9E4F239B66FF0034BA4A /* Release */,
			);
			defaultConfigurationIsVisible = 0;
			defaultConfigurationName = Release;
		};
/* End XCConfigurationList section */
	};
	rootObject = 8D4E9E31239B66FE0034BA4A /* Project object */;
}
